
Microsoft Visual Studio Solution File, Format Version 12.00
Project("{FAE04EC0-301F-11D3-BF4B-00C04F79EFBC}") = "Lab1", "Lab1\Lab1.csproj", "{0E378CD2-1AD1-475E-949F-96C91CC0CC8D}"
EndProject
Project("{FAE04EC0-301F-11D3-BF4B-00C04F79EFBC}") = "Module1", "Module1\Module1.csproj", "{4A9F297C-E3ED-4817-8281-7910B520B3FA}"
EndProject
Global
	GlobalSection(SolutionConfigurationPlatforms) = preSolution
		Debug|Any CPU = Debug|Any CPU
		Release|Any CPU = Release|Any CPU
	EndGlobalSection
	GlobalSection(ProjectConfigurationPlatforms) = postSolution
		{0E378CD2-1AD1-475E-949F-96C91CC0CC8D}.Debug|Any CPU.ActiveCfg = Debug|Any CPU
		{0E378CD2-1AD1-475E-949F-96C91CC0CC8D}.Debug|Any CPU.Build.0 = Debug|Any CPU
		{0E378CD2-1AD1-475E-949F-96C91CC0CC8D}.Release|Any CPU.ActiveCfg = Release|Any CPU
		{0E378CD2-1AD1-475E-949F-96C91CC0CC8D}.Release|Any CPU.Build.0 = Release|Any CPU
		{4A9F297C-E3ED-4817-8281-7910B520B3FA}.Debug|Any CPU.ActiveCfg = Debug|Any CPU
		{4A9F297C-E3ED-4817-8281-7910B520B3FA}.Debug|Any CPU.Build.0 = Debug|Any CPU
		{4A9F297C-E3ED-4817-8281-7910B520B3FA}.Release|Any CPU.ActiveCfg = Release|Any CPU
		{4A9F297C-E3ED-4817-8281-7910B520B3FA}.Release|Any CPU.Build.0 = Release|Any CPU
	EndGlobalSection
EndGlobal
